
Microsoft Visual Studio Solution File, Format Version 12.00
# Visual Studio Version 17
VisualStudioVersion = 17.8.34330.188
MinimumVisualStudioVersion = 10.0.40219.1
Project("{FAE04EC0-301F-11D3-BF4B-00C04F79EFBC}") = "gqlSI", "gqlSI\gqlSI.csproj", "{9568450B-597B-4461-9282-F6264D621BD7}"
EndProject
Global
	GlobalSection(SolutionConfigurationPlatforms) = preSolution
		Debug|Any CPU = Debug|Any CPU
		Release|Any CPU = Release|Any CPU
	EndGlobalSection
	GlobalSection(ProjectConfigurationPlatforms) = postSolution
		{9568450B-597B-4461-9282-F6264D621BD7}.Debug|Any CPU.ActiveCfg = Debug|Any CPU
		{9568450B-597B-4461-9282-F6264D621BD7}.Debug|Any CPU.Build.0 = Debug|Any CPU
		{9568450B-597B-4461-9282-F6264D621BD7}.Release|Any CPU.ActiveCfg = Release|Any CPU
		{9568450B-597B-4461-9282-F6264D621BD7}.Release|Any CPU.Build.0 = Release|Any CPU
	EndGlobalSection
	GlobalSection(SolutionProperties) = preSolution
		HideSolutionNode = FALSE
	EndGlobalSection
	GlobalSection(ExtensibilityGlobals) = postSolution
		SolutionGuid = {CEB5B940-1928-4A47-9E05-ADEA672CC470}
	EndGlobalSection
EndGlobal
